
Microsoft Visual Studio Solution File, Format Version 12.00
# Visual Studio Version 17
VisualStudioVersion = 17.0.31903.59
MinimumVisualStudioVersion = 10.0.40219.1
Project("{F2A71F9B-5D33-465A-A702-920D77279786}") = "code", "lang\code.fsproj", "{3149B06C-1DAF-49F4-897F-1E1D48CEF23D}"
EndProject
Project("{F2A71F9B-5D33-465A-A702-920D77279786}") = "tests", "tests\tests.fsproj", "{B7ECF725-DD6A-4BA1-A0EE-8D777FA37112}"
EndProject
Global
	GlobalSection(SolutionConfigurationPlatforms) = preSolution
		Debug|Any CPU = Debug|Any CPU
		Release|Any CPU = Release|Any CPU
	EndGlobalSection
	GlobalSection(SolutionProperties) = preSolution
		HideSolutionNode = FALSE
	EndGlobalSection
	GlobalSection(ProjectConfigurationPlatforms) = postSolution
		{3149B06C-1DAF-49F4-897F-1E1D48CEF23D}.Debug|Any CPU.ActiveCfg = Debug|Any CPU
		{3149B06C-1DAF-49F4-897F-1E1D48CEF23D}.Debug|Any CPU.Build.0 = Debug|Any CPU
		{3149B06C-1DAF-49F4-897F-1E1D48CEF23D}.Release|Any CPU.ActiveCfg = Release|Any CPU
		{3149B06C-1DAF-49F4-897F-1E1D48CEF23D}.Release|Any CPU.Build.0 = Release|Any CPU
		{B7ECF725-DD6A-4BA1-A0EE-8D777FA37112}.Debug|Any CPU.ActiveCfg = Debug|Any CPU
		{B7ECF725-DD6A-4BA1-A0EE-8D777FA37112}.Debug|Any CPU.Build.0 = Debug|Any CPU
		{B7ECF725-DD6A-4BA1-A0EE-8D777FA37112}.Release|Any CPU.ActiveCfg = Release|Any CPU
		{B7ECF725-DD6A-4BA1-A0EE-8D777FA37112}.Release|Any CPU.Build.0 = Release|Any CPU
	EndGlobalSection
EndGlobal
